
Microsoft Visual Studio Solution File, Format Version 12.00
# Visual Studio 14
VisualStudioVersion = 14.0.25420.1
MinimumVisualStudioVersion = 10.0.40219.1
Project("{FAE04EC0-301F-11D3-BF4B-00C04F79EFBC}") = "MPLIS.Web", "3.Presentation\MPLIS.Web\MPLIS.Web.csproj", "{DE0464A7-4D48-4114-BEEB-1250D87FFF3F}"
EndProject
Project("{2150E333-8FDC-42A3-9474-1A3956D46DE8}") = "3.Presentation", "3.Presentation", "{7AD0032C-A749-4C0B-B9E4-C46F86B87B8D}"
EndProject
Project("{2150E333-8FDC-42A3-9474-1A3956D46DE8}") = "1.Libraries", "1.Libraries", "{AC90167B-2356-46D1-9585-7E8BF15D9867}"
EndProject
Project("{2150E333-8FDC-42A3-9474-1A3956D46DE8}") = "2.Modules", "2.Modules", "{029B1C79-64B9-49A7-B9B3-F7B4AB480083}"
EndProject
Project("{2150E333-8FDC-42A3-9474-1A3956D46DE8}") = "2.Data", "2.Data", "{6354098C-FD33-4CBA-A4D9-841FDAAD9A88}"
EndProject
Project("{FAE04EC0-301F-11D3-BF4B-00C04F79EFBC}") = "AppCore", "1.Libraries\2.Data\AppCore\AppCore.csproj", "{0A99AAE9-81DE-4322-AF61-3C99D27629F1}"
EndProject
Project("{2150E333-8FDC-42A3-9474-1A3956D46DE8}") = "1.Core", "1.Core", "{8BA2D399-E906-4C10-A3EC-923C9B3DEB49}"
EndProject
Project("{2150E333-8FDC-42A3-9474-1A3956D46DE8}") = "3.Services", "3.Services", "{6A7B47A3-C5C7-4A31-84FC-1B379C3130A6}"
EndProject
Project("{FAE04EC0-301F-11D3-BF4B-00C04F79EFBC}") = "MPLIS.Libraries.Services.SSO", "1.Libraries\3.Services\MPLIS.Libraries.Services.SSO\MPLIS.Libraries.Services.SSO.csproj", "{3064D926-E1D2-4654-8A55-FDFFE619F160}"
EndProject
Project("{FAE04EC0-301F-11D3-BF4B-00C04F79EFBC}") = "MPLIS.Libraries.Services.Utilities", "1.Libraries\3.Services\MPLIS.Libraries.Services.Utilities\MPLIS.Libraries.Services.Utilities.csproj", "{0006FAAC-564E-47F5-B4BA-A69A49191190}"
EndProject
Project("{FAE04EC0-301F-11D3-BF4B-00C04F79EFBC}") = "MPLIS.Web.FrameWork", "1.Libraries\1.Core\MPLIS.Web.FrameWork\MPLIS.Web.FrameWork.csproj", "{F439CD8B-8AAD-45F7-9A14-9E4112598877}"
EndProject
Project("{FAE04EC0-301F-11D3-BF4B-00C04F79EFBC}") = "MPLIS.Libraries.Data.SSO", "1.Libraries\2.Data\MPLIS.Libraries.Data.SSO\MPLIS.Libraries.Data.SSO.csproj", "{30176E2B-1FD8-4B91-B698-F441415A7DE9}"
EndProject
Project("{FAE04EC0-301F-11D3-BF4B-00C04F79EFBC}") = "MPLIS.Libraries.Data.XuLyHoSo", "1.Libraries\2.Data\MPLIS.Libraries.Datas.XuLyHoSo\MPLIS.Libraries.Data.XuLyHoSo.csproj", "{779CCA92-29A0-4D45-B2F3-E6D51D0F3289}"
EndProject
Project("{FAE04EC0-301F-11D3-BF4B-00C04F79EFBC}") = "MPLIS.Libraries.Services.XuLyHoSo", "1.Libraries\3.Services\MPLIS.Libraries.Services.XuLyHoSo\MPLIS.Libraries.Services.XuLyHoSo.csproj", "{0E76E085-511F-4C35-9CD1-93F89A8F642D}"
EndProject
Project("{FAE04EC0-301F-11D3-BF4B-00C04F79EFBC}") = "MPLIS.Modules.XuLyHoSo", "2.Modules\MPLIS.Modules.XuLyHoSo\MPLIS.Modules.XuLyHoSo.csproj", "{91F0A0E8-9FC8-4B7D-AFDE-E4DBD25E8110}"
EndProject
Project("{FAE04EC0-301F-11D3-BF4B-00C04F79EFBC}") = "MPLIS.Libraries.Data.QTHT", "1.Libraries\2.Data\MPLIS.Libraries.Datas.QTHT\MPLIS.Libraries.Data.QTHT.csproj", "{D801A7DA-74A0-40C1-A5DE-7DD4C21BECD7}"
EndProject
Project("{FAE04EC0-301F-11D3-BF4B-00C04F79EFBC}") = "MPLIS.Libraries.Services.AutoMapperStartup", "1.Libraries\3.Services\MPLIS.Libraries.Services.AutoMapperStartup\MPLIS.Libraries.Services.AutoMapperStartup.csproj", "{33A57715-FC3C-4D45-80C3-0FB84A145205}"
EndProject
Project("{FAE04EC0-301F-11D3-BF4B-00C04F79EFBC}") = "MPLIS.Modules.LuanChuyenHoSo", "2.Modules\MPLIS.Modules.LuanChuyenHoSo\MPLIS.Modules.LuanChuyenHoSo.csproj", "{EC7E5F6A-AB0A-4FCC-BD6F-C5B99D8C3C9F}"
EndProject
Project("{FAE04EC0-301F-11D3-BF4B-00C04F79EFBC}") = "MPLIS.Libraries.Data.LuanChuyenHoSo", "1.Libraries\2.Data\MPLIS.Libraries.Data.LuanChuyenHoSo\MPLIS.Libraries.Data.LuanChuyenHoSo.csproj", "{46C078B3-F5C1-4055-A12C-95584BECE76D}"
EndProject
Project("{FAE04EC0-301F-11D3-BF4B-00C04F79EFBC}") = "MPLIS.Modeles.QuanTriQuyTrinh", "2.Modules\MPLIS.Modeles.QuanTriQuyTrinh\MPLIS.Modeles.QuanTriQuyTrinh.csproj", "{179A6F43-A34F-42F0-8871-1B814AAC7DDE}"
EndProject
Project("{FAE04EC0-301F-11D3-BF4B-00C04F79EFBC}") = "MPLIS.Libraries.Data.QuanTriQuyTrinh", "1.Libraries\2.Data\MPLIS.Libraries.Data.QuanTriQuyTrinh\MPLIS.Libraries.Data.QuanTriQuyTrinh.csproj", "{23266CF2-4328-44B9-BBA7-251E26A32C59}"
EndProject
Project("{FAE04EC0-301F-11D3-BF4B-00C04F79EFBC}") = "MPLIS.Libraries.Services.QuanTriQuyTrinh", "1.Libraries\3.Services\MPLIS.Libraries.Services.QuanTriQuyTrinh\MPLIS.Libraries.Services.QuanTriQuyTrinh.csproj", "{A75AE768-4F9A-4959-A132-54287BBB3A5D}"
EndProject
Project("{FAE04EC0-301F-11D3-BF4B-00C04F79EFBC}") = "MPLIS.Libraries.Services.QTHT", "1.Libraries\3.Services\MPLIS.Libraries.Services.QTHT\MPLIS.Libraries.Services.QTHT.csproj", "{8CEE3FB0-E46A-4CA3-9303-232EBA06BA31}"
EndProject
Global
	GlobalSection(SolutionConfigurationPlatforms) = preSolution
		Debug|Any CPU = Debug|Any CPU
		Release|Any CPU = Release|Any CPU
	EndGlobalSection
	GlobalSection(ProjectConfigurationPlatforms) = postSolution
		{DE0464A7-4D48-4114-BEEB-1250D87FFF3F}.Debug|Any CPU.ActiveCfg = Debug|Any CPU
		{DE0464A7-4D48-4114-BEEB-1250D87FFF3F}.Debug|Any CPU.Build.0 = Debug|Any CPU
		{DE0464A7-4D48-4114-BEEB-1250D87FFF3F}.Release|Any CPU.ActiveCfg = Release|Any CPU
		{DE0464A7-4D48-4114-BEEB-1250D87FFF3F}.Release|Any CPU.Build.0 = Release|Any CPU
		{0A99AAE9-81DE-4322-AF61-3C99D27629F1}.Debug|Any CPU.ActiveCfg = Debug|Any CPU
		{0A99AAE9-81DE-4322-AF61-3C99D27629F1}.Debug|Any CPU.Build.0 = Debug|Any CPU
		{0A99AAE9-81DE-4322-AF61-3C99D27629F1}.Release|Any CPU.ActiveCfg = Release|Any CPU
		{0A99AAE9-81DE-4322-AF61-3C99D27629F1}.Release|Any CPU.Build.0 = Release|Any CPU
		{3064D926-E1D2-4654-8A55-FDFFE619F160}.Debug|Any CPU.ActiveCfg = Debug|Any CPU
		{3064D926-E1D2-4654-8A55-FDFFE619F160}.Debug|Any CPU.Build.0 = Debug|Any CPU
		{3064D926-E1D2-4654-8A55-FDFFE619F160}.Release|Any CPU.ActiveCfg = Release|Any CPU
		{3064D926-E1D2-4654-8A55-FDFFE619F160}.Release|Any CPU.Build.0 = Release|Any CPU
		{0006FAAC-564E-47F5-B4BA-A69A49191190}.Debug|Any CPU.ActiveCfg = Debug|Any CPU
		{0006FAAC-564E-47F5-B4BA-A69A49191190}.Debug|Any CPU.Build.0 = Debug|Any CPU
		{0006FAAC-564E-47F5-B4BA-A69A49191190}.Release|Any CPU.ActiveCfg = Release|Any CPU
		{0006FAAC-564E-47F5-B4BA-A69A49191190}.Release|Any CPU.Build.0 = Release|Any CPU
		{F439CD8B-8AAD-45F7-9A14-9E4112598877}.Debug|Any CPU.ActiveCfg = Debug|Any CPU
		{F439CD8B-8AAD-45F7-9A14-9E4112598877}.Debug|Any CPU.Build.0 = Debug|Any CPU
		{F439CD8B-8AAD-45F7-9A14-9E4112598877}.Release|Any CPU.ActiveCfg = Release|Any CPU
		{F439CD8B-8AAD-45F7-9A14-9E4112598877}.Release|Any CPU.Build.0 = Release|Any CPU
		{30176E2B-1FD8-4B91-B698-F441415A7DE9}.Debug|Any CPU.ActiveCfg = Debug|Any CPU
		{30176E2B-1FD8-4B91-B698-F441415A7DE9}.Debug|Any CPU.Build.0 = Debug|Any CPU
		{30176E2B-1FD8-4B91-B698-F441415A7DE9}.Release|Any CPU.ActiveCfg = Release|Any CPU
		{30176E2B-1FD8-4B91-B698-F441415A7DE9}.Release|Any CPU.Build.0 = Release|Any CPU
		{779CCA92-29A0-4D45-B2F3-E6D51D0F3289}.Debug|Any CPU.ActiveCfg = Debug|Any CPU
		{779CCA92-29A0-4D45-B2F3-E6D51D0F3289}.Debug|Any CPU.Build.0 = Debug|Any CPU
		{779CCA92-29A0-4D45-B2F3-E6D51D0F3289}.Release|Any CPU.ActiveCfg = Release|Any CPU
		{779CCA92-29A0-4D45-B2F3-E6D51D0F3289}.Release|Any CPU.Build.0 = Release|Any CPU
		{0E76E085-511F-4C35-9CD1-93F89A8F642D}.Debug|Any CPU.ActiveCfg = Debug|Any CPU
		{0E76E085-511F-4C35-9CD1-93F89A8F642D}.Debug|Any CPU.Build.0 = Debug|Any CPU
		{0E76E085-511F-4C35-9CD1-93F89A8F642D}.Release|Any CPU.ActiveCfg = Release|Any CPU
		{0E76E085-511F-4C35-9CD1-93F89A8F642D}.Release|Any CPU.Build.0 = Release|Any CPU
		{91F0A0E8-9FC8-4B7D-AFDE-E4DBD25E8110}.Debug|Any CPU.ActiveCfg = Debug|Any CPU
		{91F0A0E8-9FC8-4B7D-AFDE-E4DBD25E8110}.Debug|Any CPU.Build.0 = Debug|Any CPU
		{91F0A0E8-9FC8-4B7D-AFDE-E4DBD25E8110}.Release|Any CPU.ActiveCfg = Release|Any CPU
		{91F0A0E8-9FC8-4B7D-AFDE-E4DBD25E8110}.Release|Any CPU.Build.0 = Release|Any CPU
		{D801A7DA-74A0-40C1-A5DE-7DD4C21BECD7}.Debug|Any CPU.ActiveCfg = Debug|Any CPU
		{D801A7DA-74A0-40C1-A5DE-7DD4C21BECD7}.Debug|Any CPU.Build.0 = Debug|Any CPU
		{D801A7DA-74A0-40C1-A5DE-7DD4C21BECD7}.Release|Any CPU.ActiveCfg = Release|Any CPU
		{D801A7DA-74A0-40C1-A5DE-7DD4C21BECD7}.Release|Any CPU.Build.0 = Release|Any CPU
		{33A57715-FC3C-4D45-80C3-0FB84A145205}.Debug|Any CPU.ActiveCfg = Debug|Any CPU
		{33A57715-FC3C-4D45-80C3-0FB84A145205}.Debug|Any CPU.Build.0 = Debug|Any CPU
		{33A57715-FC3C-4D45-80C3-0FB84A145205}.Release|Any CPU.ActiveCfg = Release|Any CPU
		{33A57715-FC3C-4D45-80C3-0FB84A145205}.Release|Any CPU.Build.0 = Release|Any CPU
		{EC7E5F6A-AB0A-4FCC-BD6F-C5B99D8C3C9F}.Debug|Any CPU.ActiveCfg = Debug|Any CPU
		{EC7E5F6A-AB0A-4FCC-BD6F-C5B99D8C3C9F}.Debug|Any CPU.Build.0 = Debug|Any CPU
		{EC7E5F6A-AB0A-4FCC-BD6F-C5B99D8C3C9F}.Release|Any CPU.ActiveCfg = Release|Any CPU
		{EC7E5F6A-AB0A-4FCC-BD6F-C5B99D8C3C9F}.Release|Any CPU.Build.0 = Release|Any CPU
		{46C078B3-F5C1-4055-A12C-95584BECE76D}.Debug|Any CPU.ActiveCfg = Debug|Any CPU
		{46C078B3-F5C1-4055-A12C-95584BECE76D}.Debug|Any CPU.Build.0 = Debug|Any CPU
		{46C078B3-F5C1-4055-A12C-95584BECE76D}.Release|Any CPU.ActiveCfg = Release|Any CPU
		{46C078B3-F5C1-4055-A12C-95584BECE76D}.Release|Any CPU.Build.0 = Release|Any CPU
		{179A6F43-A34F-42F0-8871-1B814AAC7DDE}.Debug|Any CPU.ActiveCfg = Debug|Any CPU
		{179A6F43-A34F-42F0-8871-1B814AAC7DDE}.Debug|Any CPU.Build.0 = Debug|Any CPU
		{179A6F43-A34F-42F0-8871-1B814AAC7DDE}.Release|Any CPU.ActiveCfg = Release|Any CPU
		{179A6F43-A34F-42F0-8871-1B814AAC7DDE}.Release|Any CPU.Build.0 = Release|Any CPU
		{23266CF2-4328-44B9-BBA7-251E26A32C59}.Debug|Any CPU.ActiveCfg = Debug|Any CPU
		{23266CF2-4328-44B9-BBA7-251E26A32C59}.Debug|Any CPU.Build.0 = Debug|Any CPU
		{23266CF2-4328-44B9-BBA7-251E26A32C59}.Release|Any CPU.ActiveCfg = Release|Any CPU
		{23266CF2-4328-44B9-BBA7-251E26A32C59}.Release|Any CPU.Build.0 = Release|Any CPU
		{A75AE768-4F9A-4959-A132-54287BBB3A5D}.Debug|Any CPU.ActiveCfg = Debug|Any CPU
		{A75AE768-4F9A-4959-A132-54287BBB3A5D}.Debug|Any CPU.Build.0 = Debug|Any CPU
		{A75AE768-4F9A-4959-A132-54287BBB3A5D}.Release|Any CPU.ActiveCfg = Release|Any CPU
		{A75AE768-4F9A-4959-A132-54287BBB3A5D}.Release|Any CPU.Build.0 = Release|Any CPU
		{8CEE3FB0-E46A-4CA3-9303-232EBA06BA31}.Debug|Any CPU.ActiveCfg = Debug|Any CPU
		{8CEE3FB0-E46A-4CA3-9303-232EBA06BA31}.Debug|Any CPU.Build.0 = Debug|Any CPU
		{8CEE3FB0-E46A-4CA3-9303-232EBA06BA31}.Release|Any CPU.ActiveCfg = Release|Any CPU
		{8CEE3FB0-E46A-4CA3-9303-232EBA06BA31}.Release|Any CPU.Build.0 = Release|Any CPU
	EndGlobalSection
	GlobalSection(SolutionProperties) = preSolution
		HideSolutionNode = FALSE
	EndGlobalSection
	GlobalSection(NestedProjects) = preSolution
		{DE0464A7-4D48-4114-BEEB-1250D87FFF3F} = {7AD0032C-A749-4C0B-B9E4-C46F86B87B8D}
		{6354098C-FD33-4CBA-A4D9-841FDAAD9A88} = {AC90167B-2356-46D1-9585-7E8BF15D9867}
		{0A99AAE9-81DE-4322-AF61-3C99D27629F1} = {6354098C-FD33-4CBA-A4D9-841FDAAD9A88}
		{8BA2D399-E906-4C10-A3EC-923C9B3DEB49} = {AC90167B-2356-46D1-9585-7E8BF15D9867}
		{6A7B47A3-C5C7-4A31-84FC-1B379C3130A6} = {AC90167B-2356-46D1-9585-7E8BF15D9867}
		{3064D926-E1D2-4654-8A55-FDFFE619F160} = {6A7B47A3-C5C7-4A31-84FC-1B379C3130A6}
		{0006FAAC-564E-47F5-B4BA-A69A49191190} = {6A7B47A3-C5C7-4A31-84FC-1B379C3130A6}
		{F439CD8B-8AAD-45F7-9A14-9E4112598877} = {8BA2D399-E906-4C10-A3EC-923C9B3DEB49}
		{30176E2B-1FD8-4B91-B698-F441415A7DE9} = {6354098C-FD33-4CBA-A4D9-841FDAAD9A88}
		{779CCA92-29A0-4D45-B2F3-E6D51D0F3289} = {6354098C-FD33-4CBA-A4D9-841FDAAD9A88}
		{0E76E085-511F-4C35-9CD1-93F89A8F642D} = {6A7B47A3-C5C7-4A31-84FC-1B379C3130A6}
		{91F0A0E8-9FC8-4B7D-AFDE-E4DBD25E8110} = {029B1C79-64B9-49A7-B9B3-F7B4AB480083}
		{D801A7DA-74A0-40C1-A5DE-7DD4C21BECD7} = {6354098C-FD33-4CBA-A4D9-841FDAAD9A88}
		{33A57715-FC3C-4D45-80C3-0FB84A145205} = {6A7B47A3-C5C7-4A31-84FC-1B379C3130A6}
		{EC7E5F6A-AB0A-4FCC-BD6F-C5B99D8C3C9F} = {029B1C79-64B9-49A7-B9B3-F7B4AB480083}
		{46C078B3-F5C1-4055-A12C-95584BECE76D} = {6354098C-FD33-4CBA-A4D9-841FDAAD9A88}
		{179A6F43-A34F-42F0-8871-1B814AAC7DDE} = {029B1C79-64B9-49A7-B9B3-F7B4AB480083}
		{23266CF2-4328-44B9-BBA7-251E26A32C59} = {6354098C-FD33-4CBA-A4D9-841FDAAD9A88}
		{A75AE768-4F9A-4959-A132-54287BBB3A5D} = {6A7B47A3-C5C7-4A31-84FC-1B379C3130A6}
		{8CEE3FB0-E46A-4CA3-9303-232EBA06BA31} = {6A7B47A3-C5C7-4A31-84FC-1B379C3130A6}
	EndGlobalSection
	GlobalSection(ExtensibilityGlobals) = postSolution
		VisualSVNWorkingCopyRoot = .
	EndGlobalSection
EndGlobal
